<?xml version="1.0" encoding="utf-8"?>
<Project ToolsVersion="4.0" xmlns="http://schemas.microsoft.com/developer/msbuild/2003">
  <ItemGroup>
    <Filter Include="Source Files">
      <UniqueIdentifier>{4FC737F1-C7A5-4376-A066-2A32D752A2FF}</UniqueIdentifier>
      <Extensions>cpp;c;cc;cxx;def;odl;idl;hpj;bat;asm;asmx</Extensions>
    </Filter>
    <Filter Include="Header Files">
      <UniqueIdentifier>{93995380-89BD-4b04-88EB-625FBE52EBFB}</UniqueIdentifier>
      <Extensions>h;hh;hpp;hxx;hm;inl;inc;ipp;xsd</Extensions>
    </Filter>
    <Filter Include="Resource Files">
      <UniqueIdentifier>{67DA6AB6-F800-4c08-8B7A-83BB121AAD01}</UniqueIdentifier>
      <Extensions>rc;ico;cur;bmp;dlg;rc2;rct;bin;rgs;gif;jpg;jpeg;jpe;resx;tiff;tif;png;wav;mfcribbon-ms</Extensions>
    </Filter>
    <Filter Include="Header Files\Animation">
      <UniqueIdentifier>{225c94c2-4199-4702-a436-008c2833ec71}</UniqueIdentifier>
    </Filter>
    <Filter Include="Header Files\Collision">
      <UniqueIdentifier>{fd97efdb-9aad-4bca-8301-262753adc0a6}</UniqueIdentifier>
    </Filter>
    <Filter Include="Header Files\Models/Graphics">
      <UniqueIdentifier>{6e17d4ee-692c-4e01-a7ef-8ab6dfba5190}</UniqueIdentifier>
    </Filter>
    <Filter Include="Header Files\Math">
      <UniqueIdentifier>{d06e560c-8960-4c68-8ca7-6cfa5872bda4}</UniqueIdentifier>
    </Filter>
    <Filter Include="Header Files\OpenGL Interface">
      <UniqueIdentifier>{6fb48e2e-63ca-4e33-b591-336815d5b191}</UniqueIdentifier>
    </Filter>
    <Filter Include="Header Files\ECS">
      <UniqueIdentifier>{69b0c39f-e3c8-4bc9-8544-8d514fe8f5f7}</UniqueIdentifier>
    </Filter>
    <Filter Include="Source Files\Animation">
      <UniqueIdentifier>{0cab2a4a-bb90-43af-a451-fb53a5eee2fc}</UniqueIdentifier>
    </Filter>
    <Filter Include="Source Files\Collision">
      <UniqueIdentifier>{5d7c11b7-f814-4213-8066-0c1d2aa09875}</UniqueIdentifier>
    </Filter>
    <Filter Include="Source Files\Models/Graphics">
      <UniqueIdentifier>{addafeb3-fbbc-4bd3-b514-9d8403baa71b}</UniqueIdentifier>
    </Filter>
    <Filter Include="Source Files\Math">
      <UniqueIdentifier>{47fa2141-dfc6-495b-8da9-a5931cdd661b}</UniqueIdentifier>
    </Filter>
    <Filter Include="Source Files\ECS">
      <UniqueIdentifier>{19d1bfc7-6c86-48d6-a09d-aa44648a410c}</UniqueIdentifier>
    </Filter>
    <Filter Include="Source Files\OpenGL Interface">
      <UniqueIdentifier>{6e456e1a-a998-416d-97c3-9da3108c87af}</UniqueIdentifier>
    </Filter>
    <Filter Include="Header Files\Resources">
      <UniqueIdentifier>{fec83732-a7d0-4ae4-89f2-f7d906076a98}</UniqueIdentifier>
    </Filter>
    <Filter Include="Source Files\Resources">
      <UniqueIdentifier>{e700db48-b29c-4c59-8b41-df50972f1179}</UniqueIdentifier>
    </Filter>
  </ItemGroup>
  <ItemGroup>
    <ClInclude Include="Cube.h">
      <Filter>Header Files</Filter>
    </ClInclude>
    <ClInclude Include="Z_Game.h">
      <Filter>Header Files</Filter>
    </ClInclude>
    <ClInclude Include="Zombies.h">
      <Filter>Header Files</Filter>
    </ClInclude>
    <ClInclude Include="Physics_System.h">
      <Filter>Header Files</Filter>
    </ClInclude>
    <ClInclude Include="Vector.h">
      <Filter>Header Files</Filter>
    </ClInclude>
    <ClInclude Include="Animation.h">
      <Filter>Header Files\Animation</Filter>
    </ClInclude>
    <ClInclude Include="Animation_Manager.h">
      <Filter>Header Files\Animation</Filter>
    </ClInclude>
    <ClInclude Include="AnimationState.h">
      <Filter>Header Files\Animation</Filter>
    </ClInclude>
    <ClInclude Include="AnimationSystem.h">
      <Filter>Header Files\Animation</Filter>
    </ClInclude>
    <ClInclude Include="Collision.h">
      <Filter>Header Files\Collision</Filter>
    </ClInclude>
    <ClInclude Include="CollisionSystem.h">
      <Filter>Header Files\Collision</Filter>
    </ClInclude>
    <ClInclude Include="GJK.h">
      <Filter>Header Files\Collision</Filter>
    </ClInclude>
    <ClInclude Include="Grid_Col.h">
      <Filter>Header Files\Collision</Filter>
    </ClInclude>
    <ClInclude Include="Graphics.h">
      <Filter>Header Files\Models/Graphics</Filter>
    </ClInclude>
    <ClInclude Include="AssimpExchange.h">
      <Filter>Header Files\Models/Graphics</Filter>
    </ClInclude>
    <ClInclude Include="Mesh.h">
      <Filter>Header Files\Models/Graphics</Filter>
    </ClInclude>
    <ClInclude Include="Model.h">
      <Filter>Header Files\Models/Graphics</Filter>
    </ClInclude>
    <ClInclude Include="Skeleton.h">
      <Filter>Header Files\Models/Graphics</Filter>
    </ClInclude>
    <ClInclude Include="BasicMath.h">
      <Filter>Header Files\Math</Filter>
    </ClInclude>
    <ClInclude Include="Physics_Math.h">
      <Filter>Header Files\Math</Filter>
    </ClInclude>
    <ClInclude Include="LinearInterpolation.h">
      <Filter>Header Files\Math</Filter>
    </ClInclude>
    <ClInclude Include="Quaternion.h">
      <Filter>Header Files\Math</Filter>
    </ClInclude>
    <ClInclude Include="Shader.h">
      <Filter>Header Files\OpenGL Interface</Filter>
    </ClInclude>
    <ClInclude Include="Viewer.h">
      <Filter>Header Files\OpenGL Interface</Filter>
    </ClInclude>
    <ClInclude Include="Camera.h">
      <Filter>Header Files\OpenGL Interface</Filter>
    </ClInclude>
    <ClInclude Include="SyncFade.h">
      <Filter>Header Files\Animation</Filter>
    </ClInclude>
    <ClInclude Include="Entity_Manager.h">
      <Filter>Header Files\ECS</Filter>
    </ClInclude>
    <ClInclude Include="Attributes.h">
      <Filter>Header Files\ECS</Filter>
    </ClInclude>
    <ClInclude Include="Component_Manager.h">
      <Filter>Header Files\ECS</Filter>
    </ClInclude>
    <ClInclude Include="Components.h">
      <Filter>Header Files\ECS</Filter>
    </ClInclude>
    <ClInclude Include="IEntity.h">
      <Filter>Header Files\ECS</Filter>
    </ClInclude>
    <ClInclude Include="ResourceManager.h">
      <Filter>Header Files\Resources</Filter>
    </ClInclude>
    <ClInclude Include="Levels.h">
      <Filter>Header Files\Resources</Filter>
    </ClInclude>
    <ClInclude Include="State_Machine.h">
      <Filter>Header Files\Resources</Filter>
    </ClInclude>
    <ClInclude Include="Textures2D.h">
      <Filter>Header Files\Resources</Filter>
    </ClInclude>
    <ClInclude Include="stb_image.h">
      <Filter>Header Files\Resources</Filter>
    </ClInclude>
    <ClInclude Include="ConfigureManager.h">
      <Filter>Header Files\Resources</Filter>
    </ClInclude>
    <ClInclude Include="Collection_Files_Animations.h">
      <Filter>Header Files</Filter>
    </ClInclude>
    <ClInclude Include="Blenders.h">
      <Filter>Header Files\Animation</Filter>
    </ClInclude>
  </ItemGroup>
  <ItemGroup>
    <ClCompile Include="ZGame1Main.cpp">
      <Filter>Source Files</Filter>
    </ClCompile>
    <ClCompile Include="..\glad.cpp">
      <Filter>Source Files</Filter>
    </ClCompile>
    <ClCompile Include="Testing_Ground.cpp">
      <Filter>Source Files</Filter>
    </ClCompile>
    <ClCompile Include="Animation.cpp">
      <Filter>Source Files\Animation</Filter>
    </ClCompile>
    <ClCompile Include="Animation_Manager.cpp">
      <Filter>Source Files\Animation</Filter>
    </ClCompile>
    <ClCompile Include="AnimationState.cpp">
      <Filter>Source Files\Animation</Filter>
    </ClCompile>
    <ClCompile Include="SyncFade.cpp">
      <Filter>Source Files\Animation</Filter>
    </ClCompile>
    <ClCompile Include="Collision.cpp">
      <Filter>Source Files\Collision</Filter>
    </ClCompile>
    <ClCompile Include="CollisionSystem.cpp">
      <Filter>Source Files\Collision</Filter>
    </ClCompile>
    <ClCompile Include="GJK.cpp">
      <Filter>Source Files\Collision</Filter>
    </ClCompile>
    <ClCompile Include="Grid_Col.cpp">
      <Filter>Source Files\Collision</Filter>
    </ClCompile>
    <ClCompile Include="Mesh.cpp">
      <Filter>Source Files\Models/Graphics</Filter>
    </ClCompile>
    <ClCompile Include="Model.cpp">
      <Filter>Source Files\Models/Graphics</Filter>
    </ClCompile>
    <ClCompile Include="Skeleton.cpp">
      <Filter>Source Files\Models/Graphics</Filter>
    </ClCompile>
    <ClCompile Include="BasicMath.cpp">
      <Filter>Source Files\Math</Filter>
    </ClCompile>
    <ClCompile Include="Quaternion.cpp">
      <Filter>Source Files\Math</Filter>
    </ClCompile>
    <ClCompile Include="LinearInterpolation.cpp">
      <Filter>Source Files\Math</Filter>
    </ClCompile>
    <ClCompile Include="Attributes.cpp">
      <Filter>Source Files\ECS</Filter>
    </ClCompile>
    <ClCompile Include="Component_Manager.cpp">
      <Filter>Source Files\ECS</Filter>
    </ClCompile>
    <ClCompile Include="Components.cpp">
      <Filter>Source Files\ECS</Filter>
    </ClCompile>
    <ClCompile Include="Entity_Manager.cpp">
      <Filter>Source Files\ECS</Filter>
    </ClCompile>
    <ClCompile Include="Shader.cpp">
      <Filter>Source Files\OpenGL Interface</Filter>
    </ClCompile>
    <ClCompile Include="Viewer.cpp">
      <Filter>Source Files\OpenGL Interface</Filter>
    </ClCompile>
    <ClCompile Include="ConfigureManager.cpp">
      <Filter>Source Files\Resources</Filter>
    </ClCompile>
    <ClCompile Include="ResourceManager.cpp">
      <Filter>Source Files\Resources</Filter>
    </ClCompile>
    <ClCompile Include="Stb_image.cpp">
      <Filter>Source Files\Resources</Filter>
    </ClCompile>
    <ClCompile Include="Texture2D.cpp">
      <Filter>Source Files\Resources</Filter>
    </ClCompile>
    <ClCompile Include="AssimpExchange.cpp">
      <Filter>Source Files\Models/Graphics</Filter>
    </ClCompile>
    <ClCompile Include="AnimationSystem.cpp">
      <Filter>Source Files\Animation</Filter>
    </ClCompile>
    <ClCompile Include="Blenders.cpp">
      <Filter>Source Files\Animation</Filter>
    </ClCompile>
  </ItemGroup>
</Project>